<?xml version="1.0" encoding="utf-8"?>
<Project ToolsVersion="4.0" xmlns="http://schemas.microsoft.com/developer/msbuild/2003">
  <ItemGroup>
    <Filter Include="소스 파일">
      <UniqueIdentifier>{4FC737F1-C7A5-4376-A066-2A32D752A2FF}</UniqueIdentifier>
      <Extensions>cpp;c;cc;cxx;c++;cppm;ixx;def;odl;idl;hpj;bat;asm;asmx</Extensions>
    </Filter>
    <Filter Include="헤더 파일">
      <UniqueIdentifier>{93995380-89BD-4b04-88EB-625FBE52EBFB}</UniqueIdentifier>
      <Extensions>h;hh;hpp;hxx;h++;hm;inl;inc;ipp;xsd</Extensions>
    </Filter>
    <Filter Include="리소스 파일">
      <UniqueIdentifier>{67DA6AB6-F800-4c08-8B7A-83BB121AAD01}</UniqueIdentifier>
      <Extensions>rc;ico;cur;bmp;dlg;rc2;rct;bin;rgs;gif;jpg;jpeg;jpe;resx;tiff;tif;png;wav;mfcribbon-ms</Extensions>
    </Filter>
    <Filter Include="헤더 파일\Utilities">
      <UniqueIdentifier>{12aefe1c-dd7e-4391-a643-78ee3d01d8e5}</UniqueIdentifier>
    </Filter>
    <Filter Include="헤더 파일\Actors">
      <UniqueIdentifier>{979b1ac3-4343-44ae-831e-ad972e7b5022}</UniqueIdentifier>
    </Filter>
    <Filter Include="헤더 파일\GameManagers">
      <UniqueIdentifier>{9714b713-71b5-4459-802b-cb01e2d10212}</UniqueIdentifier>
    </Filter>
    <Filter Include="소스 파일\GameManagers">
      <UniqueIdentifier>{1348f73f-da5f-4095-a6d6-803981495a58}</UniqueIdentifier>
    </Filter>
    <Filter Include="소스 파일\Actors">
      <UniqueIdentifier>{9b17b2e9-cdd8-469e-a4e2-ea270c8fbf26}</UniqueIdentifier>
    </Filter>
    <Filter Include="소스 파일\Renderers">
      <UniqueIdentifier>{8a1bd231-d52c-4803-930b-b27153acdbc8}</UniqueIdentifier>
    </Filter>
    <Filter Include="헤더 파일\Interfaces">
      <UniqueIdentifier>{18586c79-0900-42ec-9b67-85ae25237cf1}</UniqueIdentifier>
    </Filter>
    <Filter Include="헤더 파일\Renderers">
      <UniqueIdentifier>{85cf12e7-5529-4d76-882e-dead6739ff7a}</UniqueIdentifier>
    </Filter>
    <Filter Include="헤더 파일\Game">
      <UniqueIdentifier>{57ce92c8-608d-44af-944c-ad2488527cb8}</UniqueIdentifier>
    </Filter>
    <Filter Include="소스 파일\Game">
      <UniqueIdentifier>{70cc6545-a2aa-47d7-a3ab-fab199c333bc}</UniqueIdentifier>
    </Filter>
  </ItemGroup>
  <ItemGroup>
    <ClCompile Include="CRMain.cpp">
      <Filter>소스 파일</Filter>
    </ClCompile>
    <ClCompile Include="CRGameSystem.cpp">
      <Filter>소스 파일\GameManagers</Filter>
    </ClCompile>
    <ClCompile Include="CRActor.cpp">
      <Filter>소스 파일\Actors</Filter>
    </ClCompile>
    <ClCompile Include="CRConsoleUI.cpp">
      <Filter>소스 파일\Renderers</Filter>
    </ClCompile>
    <ClCompile Include="CRConsoleRenderer.cpp">
      <Filter>소스 파일\Renderers</Filter>
    </ClCompile>
    <ClCompile Include="CRGameMode.cpp">
      <Filter>소스 파일\Game</Filter>
    </ClCompile>
  </ItemGroup>
  <ItemGroup>
    <ClInclude Include="Singleton.h">
      <Filter>헤더 파일\Utilities</Filter>
    </ClInclude>
    <ClInclude Include="CREventManager.h">
      <Filter>헤더 파일\GameManagers</Filter>
    </ClInclude>
    <ClInclude Include="CRGameSystem.h">
      <Filter>헤더 파일\GameManagers</Filter>
    </ClInclude>
    <ClInclude Include="ICRCombat.h">
      <Filter>헤더 파일\Interfaces</Filter>
    </ClInclude>
    <ClInclude Include="ConsoleRPG.h">
      <Filter>헤더 파일</Filter>
    </ClInclude>
    <ClInclude Include="CRActor.h">
      <Filter>헤더 파일\Actors</Filter>
    </ClInclude>
    <ClInclude Include="CRConsoleUI.h">
      <Filter>헤더 파일\Renderers</Filter>
    </ClInclude>
    <ClInclude Include="CRConsoleRenderer.h">
      <Filter>헤더 파일\Renderers</Filter>
    </ClInclude>
    <ClInclude Include="CRGameMode.h">
      <Filter>헤더 파일\Game</Filter>
    </ClInclude>
  </ItemGroup>
</Project>